// !$*UTF8*$!
{
	archiveVersion = 1;
	classes = {
	};
	objectVersion = 77;
	objects = {

/* Begin PBXBuildFile section */
		9D0CB48F2E6E05E700C50ADF /* WeatherModule in Frameworks */ = {isa = PBXBuildFile; productRef = 9D0CB48E2E6E05E700C50ADF /* WeatherModule */; };
		9D0CB4922E6E05F700C50ADF /* AppConstants in Frameworks */ = {isa = PBXBuildFile; productRef = 9D0CB4912E6E05F700C50ADF /* AppConstants */; };
		9D0CB4952E6E05FD00C50ADF /* AppEndpoints in Frameworks */ = {isa = PBXBuildFile; productRef = 9D0CB4942E6E05FD00C50ADF /* AppEndpoints */; };
		9D0CB4982E6E060500C50ADF /* AppModels in Frameworks */ = {isa = PBXBuildFile; productRef = 9D0CB4972E6E060500C50ADF /* AppModels */; };
		9D0CB49B2E6E060E00C50ADF /* Networking in Frameworks */ = {isa = PBXBuildFile; productRef = 9D0CB49A2E6E060E00C50ADF /* Networking */; };
		9D339CCB2E6DF9A50087DF3F /* AppConstants in Frameworks */ = {isa = PBXBuildFile; productRef = 9D339CCA2E6DF9A50087DF3F /* AppConstants */; };
		9D339CCE2E6DF9AD0087DF3F /* AppEndpoints in Frameworks */ = {isa = PBXBuildFile; productRef = 9D339CCD2E6DF9AD0087DF3F /* AppEndpoints */; };
		9D339CD12E6DF9B40087DF3F /* AppModels in Frameworks */ = {isa = PBXBuildFile; productRef = 9D339CD02E6DF9B40087DF3F /* AppModels */; };
		9D339CD42E6DF9C00087DF3F /* Networking in Frameworks */ = {isa = PBXBuildFile; productRef = 9D339CD32E6DF9C00087DF3F /* Networking */; };
		9D339CD62E6DFA2E0087DF3F /* Networking in Frameworks */ = {isa = PBXBuildFile; productRef = 9D339CD52E6DFA2E0087DF3F /* Networking */; };
		9D339CD92E6E01320087DF3F /* WeatherModule in Frameworks */ = {isa = PBXBuildFile; productRef = 9D339CD82E6E01320087DF3F /* WeatherModule */; };
		9D42D9D82E6C6F73007BB4F1 /* AppModels in Frameworks */ = {isa = PBXBuildFile; productRef = 9D42D9D72E6C6F73007BB4F1 /* AppModels */; };
		9D42D9DB2E6C6F80007BB4F1 /* Networking in Frameworks */ = {isa = PBXBuildFile; productRef = 9D42D9DA2E6C6F80007BB4F1 /* Networking */; };
		9D42D9F92E6C8D57007BB4F1 /* Networking in Frameworks */ = {isa = PBXBuildFile; productRef = 9D42D9F82E6C8D57007BB4F1 /* Networking */; };
		9D42DAFD2E6C9E1F007BB4F1 /* AppEndpoints in Frameworks */ = {isa = PBXBuildFile; productRef = 9D42DAFC2E6C9E1F007BB4F1 /* AppEndpoints */; };
		9D42DB002E6CA0C6007BB4F1 /* AppConstants in Frameworks */ = {isa = PBXBuildFile; productRef = 9D42DAFF2E6CA0C6007BB4F1 /* AppConstants */; };
		9D42DB022E6CA16C007BB4F1 /* AppConstants in Frameworks */ = {isa = PBXBuildFile; productRef = 9D42DB012E6CA16C007BB4F1 /* AppConstants */; };
		9D42DB0D2E6DF625007BB4F1 /* AppConstants in Frameworks */ = {isa = PBXBuildFile; productRef = 9D42DB0C2E6DF625007BB4F1 /* AppConstants */; };
		9D42DB182E6DF648007BB4F1 /* Networking in Frameworks */ = {isa = PBXBuildFile; productRef = 9D42DB172E6DF648007BB4F1 /* Networking */; };
/* End PBXBuildFile section */

/* Begin PBXFileReference section */
		9D42D9C52E6C6D1A007BB4F1 /* WeatherApp.app */ = {isa = PBXFileReference; explicitFileType = wrapper.application; includeInIndex = 0; path = WeatherApp.app; sourceTree = BUILT_PRODUCTS_DIR; };
/* End PBXFileReference section */

/* Begin PBXFileSystemSynchronizedRootGroup section */
		9D42D9C72E6C6D1A007BB4F1 /* WeatherApp */ = {
			isa = PBXFileSystemSynchronizedRootGroup;
			path = WeatherApp;
			sourceTree = "<group>";
		};
/* End PBXFileSystemSynchronizedRootGroup section */

/* Begin PBXFrameworksBuildPhase section */
		9D42D9C22E6C6D1A007BB4F1 /* Frameworks */ = {
			isa = PBXFrameworksBuildPhase;
			buildActionMask = 2147483647;
			files = (
				9D0CB4982E6E060500C50ADF /* AppModels in Frameworks */,
				9D42D9F92E6C8D57007BB4F1 /* Networking in Frameworks */,
				9D0CB48F2E6E05E700C50ADF /* WeatherModule in Frameworks */,
				9D339CCB2E6DF9A50087DF3F /* AppConstants in Frameworks */,
				9D0CB4952E6E05FD00C50ADF /* AppEndpoints in Frameworks */,
				9D339CD62E6DFA2E0087DF3F /* Networking in Frameworks */,
				9D42DAFD2E6C9E1F007BB4F1 /* AppEndpoints in Frameworks */,
				9D339CCE2E6DF9AD0087DF3F /* AppEndpoints in Frameworks */,
				9D0CB49B2E6E060E00C50ADF /* Networking in Frameworks */,
				9D339CD92E6E01320087DF3F /* WeatherModule in Frameworks */,
				9D42DB182E6DF648007BB4F1 /* Networking in Frameworks */,
				9D42DB002E6CA0C6007BB4F1 /* AppConstants in Frameworks */,
				9D339CD42E6DF9C00087DF3F /* Networking in Frameworks */,
				9D0CB4922E6E05F700C50ADF /* AppConstants in Frameworks */,
				9D42D9DB2E6C6F80007BB4F1 /* Networking in Frameworks */,
				9D42DB022E6CA16C007BB4F1 /* AppConstants in Frameworks */,
				9D339CD12E6DF9B40087DF3F /* AppModels in Frameworks */,
				9D42DB0D2E6DF625007BB4F1 /* AppConstants in Frameworks */,
				9D42D9D82E6C6F73007BB4F1 /* AppModels in Frameworks */,
			);
			runOnlyForDeploymentPostprocessing = 0;
		};
/* End PBXFrameworksBuildPhase section */

/* Begin PBXGroup section */
		9D42D9BC2E6C6D1A007BB4F1 = {
			isa = PBXGroup;
			children = (
				9D42D9C72E6C6D1A007BB4F1 /* WeatherApp */,
				9D42D9C62E6C6D1A007BB4F1 /* Products */,
			);
			sourceTree = "<group>";
		};
		9D42D9C62E6C6D1A007BB4F1 /* Products */ = {
			isa = PBXGroup;
			children = (
				9D42D9C52E6C6D1A007BB4F1 /* WeatherApp.app */,
			);
			name = Products;
			sourceTree = "<group>";
		};
/* End PBXGroup section */

/* Begin PBXNativeTarget section */
		9D42D9C42E6C6D1A007BB4F1 /* WeatherApp */ = {
			isa = PBXNativeTarget;
			buildConfigurationList = 9D42D9D32E6C6D1B007BB4F1 /* Build configuration list for PBXNativeTarget "WeatherApp" */;
			buildPhases = (
				9D42D9C12E6C6D1A007BB4F1 /* Sources */,
				9D42D9C22E6C6D1A007BB4F1 /* Frameworks */,
				9D42D9C32E6C6D1A007BB4F1 /* Resources */,
			);
			buildRules = (
			);
			dependencies = (
			);
			fileSystemSynchronizedGroups = (
				9D42D9C72E6C6D1A007BB4F1 /* WeatherApp */,
			);
			name = WeatherApp;
			packageProductDependencies = (
				9D42D9D72E6C6F73007BB4F1 /* AppModels */,
				9D42D9DA2E6C6F80007BB4F1 /* Networking */,
				9D42D9F82E6C8D57007BB4F1 /* Networking */,
				9D42DAFC2E6C9E1F007BB4F1 /* AppEndpoints */,
				9D42DAFF2E6CA0C6007BB4F1 /* AppConstants */,
				9D42DB012E6CA16C007BB4F1 /* AppConstants */,
				9D42DB0C2E6DF625007BB4F1 /* AppConstants */,
				9D42DB172E6DF648007BB4F1 /* Networking */,
				9D339CCA2E6DF9A50087DF3F /* AppConstants */,
				9D339CCD2E6DF9AD0087DF3F /* AppEndpoints */,
				9D339CD02E6DF9B40087DF3F /* AppModels */,
				9D339CD32E6DF9C00087DF3F /* Networking */,
				9D339CD52E6DFA2E0087DF3F /* Networking */,
				9D339CD82E6E01320087DF3F /* WeatherModule */,
				9D0CB48E2E6E05E700C50ADF /* WeatherModule */,
				9D0CB4912E6E05F700C50ADF /* AppConstants */,
				9D0CB4942E6E05FD00C50ADF /* AppEndpoints */,
				9D0CB4972E6E060500C50ADF /* AppModels */,
				9D0CB49A2E6E060E00C50ADF /* Networking */,
			);
			productName = WeatherApp;
			productReference = 9D42D9C52E6C6D1A007BB4F1 /* WeatherApp.app */;
			productType = "com.apple.product-type.application";
		};
/* End PBXNativeTarget section */

/* Begin PBXProject section */
		9D42D9BD2E6C6D1A007BB4F1 /* Project object */ = {
			isa = PBXProject;
			attributes = {
				BuildIndependentTargetsInParallel = 1;
				LastSwiftUpdateCheck = 1620;
				LastUpgradeCheck = 1620;
				TargetAttributes = {
					9D42D9C42E6C6D1A007BB4F1 = {
						CreatedOnToolsVersion = 16.2;
					};
				};
			};
			buildConfigurationList = 9D42D9C02E6C6D1A007BB4F1 /* Build configuration list for PBXProject "WeatherApp" */;
			developmentRegion = en;
			hasScannedForEncodings = 0;
			knownRegions = (
				en,
				Base,
			);
			mainGroup = 9D42D9BC2E6C6D1A007BB4F1;
			minimizedProjectReferenceProxies = 1;
			packageReferences = (
				9D0CB48D2E6E05E700C50ADF /* XCLocalSwiftPackageReference "WeatherModule" */,
				9D0CB4902E6E05F700C50ADF /* XCLocalSwiftPackageReference "AppConstants" */,
				9D0CB4932E6E05FD00C50ADF /* XCLocalSwiftPackageReference "AppEndpoints" */,
				9D0CB4962E6E060500C50ADF /* XCLocalSwiftPackageReference "AppModels" */,
				9D0CB4992E6E060E00C50ADF /* XCLocalSwiftPackageReference "Networking" */,
			);
			preferredProjectObjectVersion = 77;
			productRefGroup = 9D42D9C62E6C6D1A007BB4F1 /* Products */;
			projectDirPath = "";
			projectRoot = "";
			targets = (
				9D42D9C42E6C6D1A007BB4F1 /* WeatherApp */,
			);
		};
/* End PBXProject section */

/* Begin PBXResourcesBuildPhase section */
		9D42D9C32E6C6D1A007BB4F1 /* Resources */ = {
			isa = PBXResourcesBuildPhase;
			buildActionMask = 2147483647;
			files = (
			);
			runOnlyForDeploymentPostprocessing = 0;
		};
/* End PBXResourcesBuildPhase section */

/* Begin PBXSourcesBuildPhase section */
		9D42D9C12E6C6D1A007BB4F1 /* Sources */ = {
			isa = PBXSourcesBuildPhase;
			buildActionMask = 2147483647;
			files = (
			);
			runOnlyForDeploymentPostprocessing = 0;
		};
/* End PBXSourcesBuildPhase section */

/* Begin XCBuildConfiguration section */
		9D42D9D12E6C6D1B007BB4F1 /* Debug */ = {
			isa = XCBuildConfiguration;
			buildSettings = {
				ALWAYS_SEARCH_USER_PATHS = NO;
				ASSETCATALOG_COMPILER_GENERATE_SWIFT_ASSET_SYMBOL_EXTENSIONS = YES;
				CLANG_ANALYZER_NONNULL = YES;
				CLANG_ANALYZER_NUMBER_OBJECT_CONVERSION = YES_AGGRESSIVE;
				CLANG_CXX_LANGUAGE_STANDARD = "gnu++20";
				CLANG_ENABLE_MODULES = YES;
				CLANG_ENABLE_OBJC_ARC = YES;
				CLANG_ENABLE_OBJC_WEAK = YES;
				CLANG_WARN_BLOCK_CAPTURE_AUTORELEASING = YES;
				CLANG_WARN_BOOL_CONVERSION = YES;
				CLANG_WARN_COMMA = YES;
				CLANG_WARN_CONSTANT_CONVERSION = YES;
				CLANG_WARN_DEPRECATED_OBJC_IMPLEMENTATIONS = YES;
				CLANG_WARN_DIRECT_OBJC_ISA_USAGE = YES_ERROR;
				CLANG_WARN_DOCUMENTATION_COMMENTS = YES;
				CLANG_WARN_EMPTY_BODY = YES;
				CLANG_WARN_ENUM_CONVERSION = YES;
				CLANG_WARN_INFINITE_RECURSION = YES;
				CLANG_WARN_INT_CONVERSION = YES;
				CLANG_WARN_NON_LITERAL_NULL_CONVERSION = YES;
				CLANG_WARN_OBJC_IMPLICIT_RETAIN_SELF = YES;
				CLANG_WARN_OBJC_LITERAL_CONVERSION = YES;
				CLANG_WARN_OBJC_ROOT_CLASS = YES_ERROR;
				CLANG_WARN_QUOTED_INCLUDE_IN_FRAMEWORK_HEADER = YES;
				CLANG_WARN_RANGE_LOOP_ANALYSIS = YES;
				CLANG_WARN_STRICT_PROTOTYPES = YES;
				CLANG_WARN_SUSPICIOUS_MOVE = YES;
				CLANG_WARN_UNGUARDED_AVAILABILITY = YES_AGGRESSIVE;
				CLANG_WARN_UNREACHABLE_CODE = YES;
				CLANG_WARN__DUPLICATE_METHOD_MATCH = YES;
				COPY_PHASE_STRIP = NO;
				DEBUG_INFORMATION_FORMAT = dwarf;
				ENABLE_STRICT_OBJC_MSGSEND = YES;
				ENABLE_TESTABILITY = YES;
				ENABLE_USER_SCRIPT_SANDBOXING = YES;
				GCC_C_LANGUAGE_STANDARD = gnu17;
				GCC_DYNAMIC_NO_PIC = NO;
				GCC_NO_COMMON_BLOCKS = YES;
				GCC_OPTIMIZATION_LEVEL = 0;
				GCC_PREPROCESSOR_DEFINITIONS = (
					"DEBUG=1",
					"$(inherited)",
				);
				GCC_WARN_64_TO_32_BIT_CONVERSION = YES;
				GCC_WARN_ABOUT_RETURN_TYPE = YES_ERROR;
				GCC_WARN_UNDECLARED_SELECTOR = YES;
				GCC_WARN_UNINITIALIZED_AUTOS = YES_AGGRESSIVE;
				GCC_WARN_UNUSED_FUNCTION = YES;
				GCC_WARN_UNUSED_VARIABLE = YES;
				IPHONEOS_DEPLOYMENT_TARGET = 18.2;
				LOCALIZATION_PREFERS_STRING_CATALOGS = YES;
				MTL_ENABLE_DEBUG_INFO = INCLUDE_SOURCE;
				MTL_FAST_MATH = YES;
				ONLY_ACTIVE_ARCH = YES;
				SDKROOT = iphoneos;
				SWIFT_ACTIVE_COMPILATION_CONDITIONS = "DEBUG $(inherited)";
				SWIFT_OPTIMIZATION_LEVEL = "-Onone";
			};
			name = Debug;
		};
		9D42D9D22E6C6D1B007BB4F1 /* Release */ = {
			isa = XCBuildConfiguration;
			buildSettings = {
				ALWAYS_SEARCH_USER_PATHS = NO;
				ASSETCATALOG_COMPILER_GENERATE_SWIFT_ASSET_SYMBOL_EXTENSIONS = YES;
				CLANG_ANALYZER_NONNULL = YES;
				CLANG_ANALYZER_NUMBER_OBJECT_CONVERSION = YES_AGGRESSIVE;
				CLANG_CXX_LANGUAGE_STANDARD = "gnu++20";
				CLANG_ENABLE_MODULES = YES;
				CLANG_ENABLE_OBJC_ARC = YES;
				CLANG_ENABLE_OBJC_WEAK = YES;
				CLANG_WARN_BLOCK_CAPTURE_AUTORELEASING = YES;
				CLANG_WARN_BOOL_CONVERSION = YES;
				CLANG_WARN_COMMA = YES;
				CLANG_WARN_CONSTANT_CONVERSION = YES;
				CLANG_WARN_DEPRECATED_OBJC_IMPLEMENTATIONS = YES;
				CLANG_WARN_DIRECT_OBJC_ISA_USAGE = YES_ERROR;
				CLANG_WARN_DOCUMENTATION_COMMENTS = YES;
				CLANG_WARN_EMPTY_BODY = YES;
				CLANG_WARN_ENUM_CONVERSION = YES;
				CLANG_WARN_INFINITE_RECURSION = YES;
				CLANG_WARN_INT_CONVERSION = YES;
				CLANG_WARN_NON_LITERAL_NULL_CONVERSION = YES;
				CLANG_WARN_OBJC_IMPLICIT_RETAIN_SELF = YES;
				CLANG_WARN_OBJC_LITERAL_CONVERSION = YES;
				CLANG_WARN_OBJC_ROOT_CLASS = YES_ERROR;
				CLANG_WARN_QUOTED_INCLUDE_IN_FRAMEWORK_HEADER = YES;
				CLANG_WARN_RANGE_LOOP_ANALYSIS = YES;
				CLANG_WARN_STRICT_PROTOTYPES = YES;
				CLANG_WARN_SUSPICIOUS_MOVE = YES;
				CLANG_WARN_UNGUARDED_AVAILABILITY = YES_AGGRESSIVE;
				CLANG_WARN_UNREACHABLE_CODE = YES;
				CLANG_WARN__DUPLICATE_METHOD_MATCH = YES;
				COPY_PHASE_STRIP = NO;
				DEBUG_INFORMATION_FORMAT = "dwarf-with-dsym";
				ENABLE_NS_ASSERTIONS = NO;
				ENABLE_STRICT_OBJC_MSGSEND = YES;
				ENABLE_USER_SCRIPT_SANDBOXING = YES;
				GCC_C_LANGUAGE_STANDARD = gnu17;
				GCC_NO_COMMON_BLOCKS = YES;
				GCC_WARN_64_TO_32_BIT_CONVERSION = YES;
				GCC_WARN_ABOUT_RETURN_TYPE = YES_ERROR;
				GCC_WARN_UNDECLARED_SELECTOR = YES;
				GCC_WARN_UNINITIALIZED_AUTOS = YES_AGGRESSIVE;
				GCC_WARN_UNUSED_FUNCTION = YES;
				GCC_WARN_UNUSED_VARIABLE = YES;
				IPHONEOS_DEPLOYMENT_TARGET = 18.2;
				LOCALIZATION_PREFERS_STRING_CATALOGS = YES;
				MTL_ENABLE_DEBUG_INFO = NO;
				MTL_FAST_MATH = YES;
				SDKROOT = iphoneos;
				SWIFT_COMPILATION_MODE = wholemodule;
				VALIDATE_PRODUCT = YES;
			};
			name = Release;
		};
		9D42D9D42E6C6D1B007BB4F1 /* Debug */ = {
			isa = XCBuildConfiguration;
			buildSettings = {
				ASSETCATALOG_COMPILER_APPICON_NAME = AppIcon;
				ASSETCATALOG_COMPILER_GLOBAL_ACCENT_COLOR_NAME = AccentColor;
				CODE_SIGN_STYLE = Automatic;
				CURRENT_PROJECT_VERSION = 1;
				DEVELOPMENT_ASSET_PATHS = "\"WeatherApp/Preview Content\"";
				DEVELOPMENT_TEAM = JC959F8T7E;
				ENABLE_PREVIEWS = YES;
				GENERATE_INFOPLIST_FILE = YES;
				INFOPLIST_KEY_UIApplicationSceneManifest_Generation = YES;
				INFOPLIST_KEY_UIApplicationSupportsIndirectInputEvents = YES;
				INFOPLIST_KEY_UILaunchScreen_Generation = YES;
				INFOPLIST_KEY_UISupportedInterfaceOrientations_iPad = "UIInterfaceOrientationPortrait UIInterfaceOrientationPortraitUpsideDown UIInterfaceOrientationLandscapeLeft UIInterfaceOrientationLandscapeRight";
				INFOPLIST_KEY_UISupportedInterfaceOrientations_iPhone = "UIInterfaceOrientationPortrait UIInterfaceOrientationLandscapeLeft UIInterfaceOrientationLandscapeRight";
				LD_RUNPATH_SEARCH_PATHS = (
					"$(inherited)",
					"@executable_path/Frameworks",
				);
				MARKETING_VERSION = 13.0;
				PRODUCT_BUNDLE_IDENTIFIER = com.ameyavichare.WeatherApp;
				PRODUCT_NAME = "$(TARGET_NAME)";
				SWIFT_EMIT_LOC_STRINGS = YES;
				SWIFT_VERSION = 5.0;
				TARGETED_DEVICE_FAMILY = "1,2";
			};
			name = Debug;
		};
		9D42D9D52E6C6D1B007BB4F1 /* Release */ = {
			isa = XCBuildConfiguration;
			buildSettings = {
				ASSETCATALOG_COMPILER_APPICON_NAME = AppIcon;
				ASSETCATALOG_COMPILER_GLOBAL_ACCENT_COLOR_NAME = AccentColor;
				CODE_SIGN_STYLE = Automatic;
				CURRENT_PROJECT_VERSION = 1;
				DEVELOPMENT_ASSET_PATHS = "\"WeatherApp/Preview Content\"";
				DEVELOPMENT_TEAM = JC959F8T7E;
				ENABLE_PREVIEWS = YES;
				GENERATE_INFOPLIST_FILE = YES;
				INFOPLIST_KEY_UIApplicationSceneManifest_Generation = YES;
				INFOPLIST_KEY_UIApplicationSupportsIndirectInputEvents = YES;
				INFOPLIST_KEY_UILaunchScreen_Generation = YES;
				INFOPLIST_KEY_UISupportedInterfaceOrientations_iPad = "UIInterfaceOrientationPortrait UIInterfaceOrientationPortraitUpsideDown UIInterfaceOrientationLandscapeLeft UIInterfaceOrientationLandscapeRight";
				INFOPLIST_KEY_UISupportedInterfaceOrientations_iPhone = "UIInterfaceOrientationPortrait UIInterfaceOrientationLandscapeLeft UIInterfaceOrientationLandscapeRight";
				LD_RUNPATH_SEARCH_PATHS = (
					"$(inherited)",
					"@executable_path/Frameworks",
				);
				MARKETING_VERSION = 13.0;
				PRODUCT_BUNDLE_IDENTIFIER = com.ameyavichare.WeatherApp;
				PRODUCT_NAME = "$(TARGET_NAME)";
				SWIFT_EMIT_LOC_STRINGS = YES;
				SWIFT_VERSION = 5.0;
				TARGETED_DEVICE_FAMILY = "1,2";
			};
			name = Release;
		};
/* End XCBuildConfiguration section */

/* Begin XCConfigurationList section */
		9D42D9C02E6C6D1A007BB4F1 /* Build configuration list for PBXProject "WeatherApp" */ = {
			isa = XCConfigurationList;
			buildConfigurations = (
				9D42D9D12E6C6D1B007BB4F1 /* Debug */,
				9D42D9D22E6C6D1B007BB4F1 /* Release */,
			);
			defaultConfigurationIsVisible = 0;
			defaultConfigurationName = Release;
		};
		9D42D9D32E6C6D1B007BB4F1 /* Build configuration list for PBXNativeTarget "WeatherApp" */ = {
			isa = XCConfigurationList;
			buildConfigurations = (
				9D42D9D42E6C6D1B007BB4F1 /* Debug */,
				9D42D9D52E6C6D1B007BB4F1 /* Release */,
			);
			defaultConfigurationIsVisible = 0;
			defaultConfigurationName = Release;
		};
/* End XCConfigurationList section */

/* Begin XCLocalSwiftPackageReference section */
		9D0CB48D2E6E05E700C50ADF /* XCLocalSwiftPackageReference "WeatherModule" */ = {
			isa = XCLocalSwiftPackageReference;
			relativePath = WeatherModule;
		};
		9D0CB4902E6E05F700C50ADF /* XCLocalSwiftPackageReference "AppConstants" */ = {
			isa = XCLocalSwiftPackageReference;
			relativePath = AppConstants;
		};
		9D0CB4932E6E05FD00C50ADF /* XCLocalSwiftPackageReference "AppEndpoints" */ = {
			isa = XCLocalSwiftPackageReference;
			relativePath = AppEndpoints;
		};
		9D0CB4962E6E060500C50ADF /* XCLocalSwiftPackageReference "AppModels" */ = {
			isa = XCLocalSwiftPackageReference;
			relativePath = AppModels;
		};
		9D0CB4992E6E060E00C50ADF /* XCLocalSwiftPackageReference "Networking" */ = {
			isa = XCLocalSwiftPackageReference;
			relativePath = Networking;
		};
/* End XCLocalSwiftPackageReference section */

/* Begin XCSwiftPackageProductDependency section */
		9D0CB48E2E6E05E700C50ADF /* WeatherModule */ = {
			isa = XCSwiftPackageProductDependency;
			productName = WeatherModule;
		};
		9D0CB4912E6E05F700C50ADF /* AppConstants */ = {
			isa = XCSwiftPackageProductDependency;
			productName = AppConstants;
		};
		9D0CB4942E6E05FD00C50ADF /* AppEndpoints */ = {
			isa = XCSwiftPackageProductDependency;
			productName = AppEndpoints;
		};
		9D0CB4972E6E060500C50ADF /* AppModels */ = {
			isa = XCSwiftPackageProductDependency;
			productName = AppModels;
		};
		9D0CB49A2E6E060E00C50ADF /* Networking */ = {
			isa = XCSwiftPackageProductDependency;
			productName = Networking;
		};
		9D339CCA2E6DF9A50087DF3F /* AppConstants */ = {
			isa = XCSwiftPackageProductDependency;
			productName = AppConstants;
		};
		9D339CCD2E6DF9AD0087DF3F /* AppEndpoints */ = {
			isa = XCSwiftPackageProductDependency;
			productName = AppEndpoints;
		};
		9D339CD02E6DF9B40087DF3F /* AppModels */ = {
			isa = XCSwiftPackageProductDependency;
			productName = AppModels;
		};
		9D339CD32E6DF9C00087DF3F /* Networking */ = {
			isa = XCSwiftPackageProductDependency;
			productName = Networking;
		};
		9D339CD52E6DFA2E0087DF3F /* Networking */ = {
			isa = XCSwiftPackageProductDependency;
			productName = Networking;
		};
		9D339CD82E6E01320087DF3F /* WeatherModule */ = {
			isa = XCSwiftPackageProductDependency;
			productName = WeatherModule;
		};
		9D42D9D72E6C6F73007BB4F1 /* AppModels */ = {
			isa = XCSwiftPackageProductDependency;
			productName = AppModels;
		};
		9D42D9DA2E6C6F80007BB4F1 /* Networking */ = {
			isa = XCSwiftPackageProductDependency;
			productName = Networking;
		};
		9D42D9F82E6C8D57007BB4F1 /* Networking */ = {
			isa = XCSwiftPackageProductDependency;
			productName = Networking;
		};
		9D42DAFC2E6C9E1F007BB4F1 /* AppEndpoints */ = {
			isa = XCSwiftPackageProductDependency;
			productName = AppEndpoints;
		};
		9D42DAFF2E6CA0C6007BB4F1 /* AppConstants */ = {
			isa = XCSwiftPackageProductDependency;
			productName = AppConstants;
		};
		9D42DB012E6CA16C007BB4F1 /* AppConstants */ = {
			isa = XCSwiftPackageProductDependency;
			productName = AppConstants;
		};
		9D42DB0C2E6DF625007BB4F1 /* AppConstants */ = {
			isa = XCSwiftPackageProductDependency;
			productName = AppConstants;
		};
		9D42DB172E6DF648007BB4F1 /* Networking */ = {
			isa = XCSwiftPackageProductDependency;
			productName = Networking;
		};
/* End XCSwiftPackageProductDependency section */
	};
	rootObject = 9D42D9BD2E6C6D1A007BB4F1 /* Project object */;
}
